
Microsoft Visual Studio Solution File, Format Version 12.00
# Visual Studio Version 17
VisualStudioVersion = 17.12.35527.113
MinimumVisualStudioVersion = 10.0.40219.1
Project("{FAE04EC0-301F-11D3-BF4B-00C04F79EFBC}") = "ModularMonolith_DotNetGirlsGrp", "ModularMonolith_DotNetGirlsGrp.csproj", "{4DA4F091-72B0-4F22-AB32-16CA1F74F7EC}"
EndProject
Project("{FAE04EC0-301F-11D3-BF4B-00C04F79EFBC}") = "ModularMonolith.Tests", "D:\Archi\ModularMonolith.Tests\ModularMonolith.Tests.csproj", "{AC2D3E89-C7FD-4666-B6E0-E7FA3558F038}"
EndProject
Global
	GlobalSection(SolutionConfigurationPlatforms) = preSolution
		Debug|Any CPU = Debug|Any CPU
		Release|Any CPU = Release|Any CPU
	EndGlobalSection
	GlobalSection(ProjectConfigurationPlatforms) = postSolution
		{4DA4F091-72B0-4F22-AB32-16CA1F74F7EC}.Debug|Any CPU.ActiveCfg = Debug|Any CPU
		{4DA4F091-72B0-4F22-AB32-16CA1F74F7EC}.Debug|Any CPU.Build.0 = Debug|Any CPU
		{4DA4F091-72B0-4F22-AB32-16CA1F74F7EC}.Release|Any CPU.ActiveCfg = Release|Any CPU
		{4DA4F091-72B0-4F22-AB32-16CA1F74F7EC}.Release|Any CPU.Build.0 = Release|Any CPU
		{AC2D3E89-C7FD-4666-B6E0-E7FA3558F038}.Debug|Any CPU.ActiveCfg = Debug|Any CPU
		{AC2D3E89-C7FD-4666-B6E0-E7FA3558F038}.Debug|Any CPU.Build.0 = Debug|Any CPU
		{AC2D3E89-C7FD-4666-B6E0-E7FA3558F038}.Release|Any CPU.ActiveCfg = Release|Any CPU
		{AC2D3E89-C7FD-4666-B6E0-E7FA3558F038}.Release|Any CPU.Build.0 = Release|Any CPU
	EndGlobalSection
	GlobalSection(SolutionProperties) = preSolution
		HideSolutionNode = FALSE
	EndGlobalSection
EndGlobal
